
Microsoft Visual Studio Solution File, Format Version 12.00
# Visual Studio Version 16
VisualStudioVersion = 16.0.31605.320
MinimumVisualStudioVersion = 10.0.40219.1
Project("{8BC9CEB8-8B4A-11D0-8D11-00A0C91BC942}") = "C++", "C++.vcxproj", "{AE236E12-6F1A-4D4C-9B61-4CB587977A32}"
EndProject
Global
	GlobalSection(SolutionConfigurationPlatforms) = preSolution
		Debug|x64 = Debug|x64
		Debug|x86 = Debug|x86
		Release|x64 = Release|x64
		Release|x86 = Release|x86
	EndGlobalSection
	GlobalSection(ProjectConfigurationPlatforms) = postSolution
		{AE236E12-6F1A-4D4C-9B61-4CB587977A32}.Debug|x64.ActiveCfg = Debug|x64
		{AE236E12-6F1A-4D4C-9B61-4CB587977A32}.Debug|x64.Build.0 = Debug|x64
		{AE236E12-6F1A-4D4C-9B61-4CB587977A32}.Debug|x86.ActiveCfg = Debug|Win32
		{AE236E12-6F1A-4D4C-9B61-4CB587977A32}.Debug|x86.Build.0 = Debug|Win32
		{AE236E12-6F1A-4D4C-9B61-4CB587977A32}.Release|x64.ActiveCfg = Release|x64
		{AE236E12-6F1A-4D4C-9B61-4CB587977A32}.Release|x64.Build.0 = Release|x64
		{AE236E12-6F1A-4D4C-9B61-4CB587977A32}.Release|x86.ActiveCfg = Release|Win32
		{AE236E12-6F1A-4D4C-9B61-4CB587977A32}.Release|x86.Build.0 = Release|Win32
	EndGlobalSection
	GlobalSection(SolutionProperties) = preSolution
		HideSolutionNode = FALSE
	EndGlobalSection
	GlobalSection(ExtensibilityGlobals) = postSolution
		SolutionGuid = {D3307EDB-78B1-481A-9655-986C8F194AE5}
	EndGlobalSection
EndGlobal
