
Microsoft Visual Studio Solution File, Format Version 12.00
# Visual Studio Version 17
VisualStudioVersion = 17.0.32014.148
MinimumVisualStudioVersion = 10.0.40219.1
Project("{8BC9CEB8-8B4A-11D0-8D11-00A0C91BC942}") = "C++", "C++\C++.vcxproj", "{8AF4E9D3-2434-4FDB-B34C-21F8CD0AAFED}"
EndProject
Global
	GlobalSection(SolutionConfigurationPlatforms) = preSolution
		Debug|x64 = Debug|x64
		Debug|x86 = Debug|x86
		Release|x64 = Release|x64
		Release|x86 = Release|x86
	EndGlobalSection
	GlobalSection(ProjectConfigurationPlatforms) = postSolution
		{8AF4E9D3-2434-4FDB-B34C-21F8CD0AAFED}.Debug|x64.ActiveCfg = Debug|x64
		{8AF4E9D3-2434-4FDB-B34C-21F8CD0AAFED}.Debug|x64.Build.0 = Debug|x64
		{8AF4E9D3-2434-4FDB-B34C-21F8CD0AAFED}.Debug|x86.ActiveCfg = Debug|Win32
		{8AF4E9D3-2434-4FDB-B34C-21F8CD0AAFED}.Debug|x86.Build.0 = Debug|Win32
		{8AF4E9D3-2434-4FDB-B34C-21F8CD0AAFED}.Release|x64.ActiveCfg = Release|x64
		{8AF4E9D3-2434-4FDB-B34C-21F8CD0AAFED}.Release|x64.Build.0 = Release|x64
		{8AF4E9D3-2434-4FDB-B34C-21F8CD0AAFED}.Release|x86.ActiveCfg = Release|Win32
		{8AF4E9D3-2434-4FDB-B34C-21F8CD0AAFED}.Release|x86.Build.0 = Release|Win32
	EndGlobalSection
	GlobalSection(SolutionProperties) = preSolution
		HideSolutionNode = FALSE
	EndGlobalSection
	GlobalSection(ExtensibilityGlobals) = postSolution
		SolutionGuid = {8B4C8ADB-B495-475E-AC9F-4E2E81AEB9E2}
	EndGlobalSection
EndGlobal
